
Microsoft Visual Studio Solution File, Format Version 12.00
# Visual Studio Version 16
VisualStudioVersion = 16.0.29728.190
MinimumVisualStudioVersion = 10.0.40219.1
Project("{FAE04EC0-301F-11D3-BF4B-00C04F79EFBC}") = "POE_Supplementary", "POE_Supplementary\POE_Supplementary.csproj", "{2F964B97-0A50-4FF4-906A-38A6D21AB876}"
EndProject
Global
	GlobalSection(SolutionConfigurationPlatforms) = preSolution
		Debug|Any CPU = Debug|Any CPU
		Release|Any CPU = Release|Any CPU
	EndGlobalSection
	GlobalSection(ProjectConfigurationPlatforms) = postSolution
		{2F964B97-0A50-4FF4-906A-38A6D21AB876}.Debug|Any CPU.ActiveCfg = Debug|Any CPU
		{2F964B97-0A50-4FF4-906A-38A6D21AB876}.Debug|Any CPU.Build.0 = Debug|Any CPU
		{2F964B97-0A50-4FF4-906A-38A6D21AB876}.Release|Any CPU.ActiveCfg = Release|Any CPU
		{2F964B97-0A50-4FF4-906A-38A6D21AB876}.Release|Any CPU.Build.0 = Release|Any CPU
	EndGlobalSection
	GlobalSection(SolutionProperties) = preSolution
		HideSolutionNode = FALSE
	EndGlobalSection
	GlobalSection(ExtensibilityGlobals) = postSolution
		SolutionGuid = {00B00907-DE67-47C5-B4BE-DF29A162B236}
	EndGlobalSection
EndGlobal
